
Microsoft Visual Studio Solution File, Format Version 12.00
# Visual Studio 15
VisualStudioVersion = 15.0.28307.705
MinimumVisualStudioVersion = 10.0.40219.1
Project("{9A19103F-16F7-4668-BE54-9A1E7A4F7556}") = "Leanda.Microscopy.Metadata.Domain", "Leanda.Microscopy.Metadata.Domain\Leanda.Microscopy.Metadata.Domain.csproj", "{5280F0EC-2981-4915-A31F-9B198E167008}"
EndProject
Global
	GlobalSection(SolutionConfigurationPlatforms) = preSolution
		Debug|Any CPU = Debug|Any CPU
		Release|Any CPU = Release|Any CPU
	EndGlobalSection
	GlobalSection(ProjectConfigurationPlatforms) = postSolution
		{5280F0EC-2981-4915-A31F-9B198E167008}.Debug|Any CPU.ActiveCfg = Debug|Any CPU
		{5280F0EC-2981-4915-A31F-9B198E167008}.Debug|Any CPU.Build.0 = Debug|Any CPU
		{5280F0EC-2981-4915-A31F-9B198E167008}.Release|Any CPU.ActiveCfg = Release|Any CPU
		{5280F0EC-2981-4915-A31F-9B198E167008}.Release|Any CPU.Build.0 = Release|Any CPU
	EndGlobalSection
	GlobalSection(SolutionProperties) = preSolution
		HideSolutionNode = FALSE
	EndGlobalSection
	GlobalSection(ExtensibilityGlobals) = postSolution
		SolutionGuid = {DE691EA4-0332-41F4-8CBB-3C91E1EC2EE7}
	EndGlobalSection
EndGlobal
